<Solution>
  <Configurations>
    <Platform Name="Any CPU" />
    <Platform Name="x64" />
    <Platform Name="x86" />
  </Configurations>
  <Project Path="NanoMediatorAspNetSample/NanoMediatorAspNetSample.csproj" />
  <Project Path="NanoMediatorConsoleSample/NanoMediatorConsoleSample.csproj" />
  <Project Path="Utils.DotNetCore.CQRS.Tests.Unit/Utils.DotNetCore.CQRS.Tests.Unit.csproj" />
  <Project Path="Utils.DotNetCore.CQRS/Utils.DotNetCore.CQRS.csproj" />
</Solution>
